// !$*UTF8*$!
{
	archiveVersion = 1;
	classes = {
	};
	objectVersion = 52;
	objects = {

/* Begin PBXBuildFile section */
		3305356A249A2FF000468A44 /* MainCollectionViewController.swift in Sources */ = {isa = PBXBuildFile; fileRef = 33053569249A2FF000468A44 /* MainCollectionViewController.swift */; };
		3305356C249A306C00468A44 /* MainCollectionViewCell.swift in Sources */ = {isa = PBXBuildFile; fileRef = 3305356B249A306C00468A44 /* MainCollectionViewCell.swift */; };
		33670CFE2478A5A9005A5936 /* AppDelegate.swift in Sources */ = {isa = PBXBuildFile; fileRef = 33670CFD2478A5A9005A5936 /* AppDelegate.swift */; };
		33670D002478A5A9005A5936 /* SceneDelegate.swift in Sources */ = {isa = PBXBuildFile; fileRef = 33670CFF2478A5A9005A5936 /* SceneDelegate.swift */; };
		33670D022478A5A9005A5936 /* ViewController.swift in Sources */ = {isa = PBXBuildFile; fileRef = 33670D012478A5A9005A5936 /* ViewController.swift */; };
		33670D052478A5AA005A5936 /* Main.storyboard in Resources */ = {isa = PBXBuildFile; fileRef = 33670D032478A5AA005A5936 /* Main.storyboard */; };
		33670D072478A5AF005A5936 /* Assets.xcassets in Resources */ = {isa = PBXBuildFile; fileRef = 33670D062478A5AF005A5936 /* Assets.xcassets */; };
		33670D0A2478A5AF005A5936 /* LaunchScreen.storyboard in Resources */ = {isa = PBXBuildFile; fileRef = 33670D082478A5AF005A5936 /* LaunchScreen.storyboard */; };
		33670D152478A5B0005A5936 /* To_Do_listTests.swift in Sources */ = {isa = PBXBuildFile; fileRef = 33670D142478A5B0005A5936 /* To_Do_listTests.swift */; };
		33670D202478A5B0005A5936 /* To_Do_listUITests.swift in Sources */ = {isa = PBXBuildFile; fileRef = 33670D1F2478A5B0005A5936 /* To_Do_listUITests.swift */; };
		33670D6A2478E184005A5936 /* AddViewController.swift in Sources */ = {isa = PBXBuildFile; fileRef = 33670D692478E184005A5936 /* AddViewController.swift */; };
		337929302485173700BED893 /* Realm in Frameworks */ = {isa = PBXBuildFile; productRef = 3379292F2485173700BED893 /* Realm */; };
		337929322485173700BED893 /* RealmSwift in Frameworks */ = {isa = PBXBuildFile; productRef = 337929312485173700BED893 /* RealmSwift */; };
		337929342485222E00BED893 /* completedTasks.swift in Sources */ = {isa = PBXBuildFile; fileRef = 337929332485222E00BED893 /* completedTasks.swift */; };
		33889228248B9F4100CCB76A /* ColorCollectionViewCell.swift in Sources */ = {isa = PBXBuildFile; fileRef = 33889227248B9F4000CCB76A /* ColorCollectionViewCell.swift */; };
		338EAC72248CDCEB00541D63 /* ColorCollectionViewController.swift in Sources */ = {isa = PBXBuildFile; fileRef = 338EAC71248CDCEB00541D63 /* ColorCollectionViewController.swift */; };
		338EAC74248CE54F00541D63 /* SelectViewController.swift in Sources */ = {isa = PBXBuildFile; fileRef = 338EAC73248CE54F00541D63 /* SelectViewController.swift */; };
		33E5C46B247A20970028D0FB /* SaveListTableViewController.swift in Sources */ = {isa = PBXBuildFile; fileRef = 33E5C46A247A20970028D0FB /* SaveListTableViewController.swift */; };
		33E5C46D247A21360028D0FB /* SaveListTableViewCell.swift in Sources */ = {isa = PBXBuildFile; fileRef = 33E5C46C247A21360028D0FB /* SaveListTableViewCell.swift */; };
/* End PBXBuildFile section */

/* Begin PBXContainerItemProxy section */
		33670D112478A5B0005A5936 /* PBXContainerItemProxy */ = {
			isa = PBXContainerItemProxy;
			containerPortal = 33670CF22478A5A9005A5936 /* Project object */;
			proxyType = 1;
			remoteGlobalIDString = 33670CF92478A5A9005A5936;
			remoteInfo = "To Do list";
		};
		33670D1C2478A5B0005A5936 /* PBXContainerItemProxy */ = {
			isa = PBXContainerItemProxy;
			containerPortal = 33670CF22478A5A9005A5936 /* Project object */;
			proxyType = 1;
			remoteGlobalIDString = 33670CF92478A5A9005A5936;
			remoteInfo = "To Do list";
		};
/* End PBXContainerItemProxy section */

/* Begin PBXFileReference section */
		33053569249A2FF000468A44 /* MainCollectionViewController.swift */ = {isa = PBXFileReference; lastKnownFileType = sourcecode.swift; path = MainCollectionViewController.swift; sourceTree = "<group>"; };
		3305356B249A306C00468A44 /* MainCollectionViewCell.swift */ = {isa = PBXFileReference; lastKnownFileType = sourcecode.swift; path = MainCollectionViewCell.swift; sourceTree = "<group>"; };
		33670CFA2478A5A9005A5936 /* To Do list.app */ = {isa = PBXFileReference; explicitFileType = wrapper.application; includeInIndex = 0; path = "To Do list.app"; sourceTree = BUILT_PRODUCTS_DIR; };
		33670CFD2478A5A9005A5936 /* AppDelegate.swift */ = {isa = PBXFileReference; lastKnownFileType = sourcecode.swift; path = AppDelegate.swift; sourceTree = "<group>"; };
		33670CFF2478A5A9005A5936 /* SceneDelegate.swift */ = {isa = PBXFileReference; lastKnownFileType = sourcecode.swift; path = SceneDelegate.swift; sourceTree = "<group>"; };
		33670D012478A5A9005A5936 /* ViewController.swift */ = {isa = PBXFileReference; lastKnownFileType = sourcecode.swift; path = ViewController.swift; sourceTree = "<group>"; };
		33670D042478A5AA005A5936 /* Base */ = {isa = PBXFileReference; lastKnownFileType = file.storyboard; name = Base; path = Base.lproj/Main.storyboard; sourceTree = "<group>"; };
		33670D062478A5AF005A5936 /* Assets.xcassets */ = {isa = PBXFileReference; lastKnownFileType = folder.assetcatalog; path = Assets.xcassets; sourceTree = "<group>"; };
		33670D092478A5AF005A5936 /* Base */ = {isa = PBXFileReference; lastKnownFileType = file.storyboard; name = Base; path = Base.lproj/LaunchScreen.storyboard; sourceTree = "<group>"; };
		33670D0B2478A5AF005A5936 /* Info.plist */ = {isa = PBXFileReference; lastKnownFileType = text.plist.xml; path = Info.plist; sourceTree = "<group>"; };
		33670D102478A5B0005A5936 /* To Do listTests.xctest */ = {isa = PBXFileReference; explicitFileType = wrapper.cfbundle; includeInIndex = 0; path = "To Do listTests.xctest"; sourceTree = BUILT_PRODUCTS_DIR; };
		33670D142478A5B0005A5936 /* To_Do_listTests.swift */ = {isa = PBXFileReference; lastKnownFileType = sourcecode.swift; path = To_Do_listTests.swift; sourceTree = "<group>"; };
		33670D162478A5B0005A5936 /* Info.plist */ = {isa = PBXFileReference; lastKnownFileType = text.plist.xml; path = Info.plist; sourceTree = "<group>"; };
		33670D1B2478A5B0005A5936 /* To Do listUITests.xctest */ = {isa = PBXFileReference; explicitFileType = wrapper.cfbundle; includeInIndex = 0; path = "To Do listUITests.xctest"; sourceTree = BUILT_PRODUCTS_DIR; };
		33670D1F2478A5B0005A5936 /* To_Do_listUITests.swift */ = {isa = PBXFileReference; lastKnownFileType = sourcecode.swift; path = To_Do_listUITests.swift; sourceTree = "<group>"; };
		33670D212478A5B0005A5936 /* Info.plist */ = {isa = PBXFileReference; lastKnownFileType = text.plist.xml; path = Info.plist; sourceTree = "<group>"; };
		33670D692478E184005A5936 /* AddViewController.swift */ = {isa = PBXFileReference; lastKnownFileType = sourcecode.swift; path = AddViewController.swift; sourceTree = "<group>"; };
		337929332485222E00BED893 /* completedTasks.swift */ = {isa = PBXFileReference; lastKnownFileType = sourcecode.swift; path = completedTasks.swift; sourceTree = "<group>"; };
		33889227248B9F4000CCB76A /* ColorCollectionViewCell.swift */ = {isa = PBXFileReference; lastKnownFileType = sourcecode.swift; path = ColorCollectionViewCell.swift; sourceTree = "<group>"; };
		338EAC71248CDCEB00541D63 /* ColorCollectionViewController.swift */ = {isa = PBXFileReference; lastKnownFileType = sourcecode.swift; path = ColorCollectionViewController.swift; sourceTree = "<group>"; };
		338EAC73248CE54F00541D63 /* SelectViewController.swift */ = {isa = PBXFileReference; lastKnownFileType = sourcecode.swift; path = SelectViewController.swift; sourceTree = "<group>"; };
		33E5C46A247A20970028D0FB /* SaveListTableViewController.swift */ = {isa = PBXFileReference; lastKnownFileType = sourcecode.swift; path = SaveListTableViewController.swift; sourceTree = "<group>"; };
		33E5C46C247A21360028D0FB /* SaveListTableViewCell.swift */ = {isa = PBXFileReference; lastKnownFileType = sourcecode.swift; path = SaveListTableViewCell.swift; sourceTree = "<group>"; };
/* End PBXFileReference section */

/* Begin PBXFrameworksBuildPhase section */
		33670CF72478A5A9005A5936 /* Frameworks */ = {
			isa = PBXFrameworksBuildPhase;
			buildActionMask = 2147483647;
			files = (
				337929322485173700BED893 /* RealmSwift in Frameworks */,
				337929302485173700BED893 /* Realm in Frameworks */,
			);
			runOnlyForDeploymentPostprocessing = 0;
		};
		33670D0D2478A5B0005A5936 /* Frameworks */ = {
			isa = PBXFrameworksBuildPhase;
			buildActionMask = 2147483647;
			files = (
			);
			runOnlyForDeploymentPostprocessing = 0;
		};
		33670D182478A5B0005A5936 /* Frameworks */ = {
			isa = PBXFrameworksBuildPhase;
			buildActionMask = 2147483647;
			files = (
			);
			runOnlyForDeploymentPostprocessing = 0;
		};
/* End PBXFrameworksBuildPhase section */

/* Begin PBXGroup section */
		33670CF12478A5A9005A5936 = {
			isa = PBXGroup;
			children = (
				33670CFC2478A5A9005A5936 /* To Do list */,
				33670D132478A5B0005A5936 /* To Do listTests */,
				33670D1E2478A5B0005A5936 /* To Do listUITests */,
				33670CFB2478A5A9005A5936 /* Products */,
			);
			sourceTree = "<group>";
		};
		33670CFB2478A5A9005A5936 /* Products */ = {
			isa = PBXGroup;
			children = (
				33670CFA2478A5A9005A5936 /* To Do list.app */,
				33670D102478A5B0005A5936 /* To Do listTests.xctest */,
				33670D1B2478A5B0005A5936 /* To Do listUITests.xctest */,
			);
			name = Products;
			sourceTree = "<group>";
		};
		33670CFC2478A5A9005A5936 /* To Do list */ = {
			isa = PBXGroup;
			children = (
				33670CFD2478A5A9005A5936 /* AppDelegate.swift */,
				33670CFF2478A5A9005A5936 /* SceneDelegate.swift */,
				33670D012478A5A9005A5936 /* ViewController.swift */,
				33670D032478A5AA005A5936 /* Main.storyboard */,
				33670D062478A5AF005A5936 /* Assets.xcassets */,
				33670D082478A5AF005A5936 /* LaunchScreen.storyboard */,
				33670D0B2478A5AF005A5936 /* Info.plist */,
				33670D692478E184005A5936 /* AddViewController.swift */,
				33E5C46A247A20970028D0FB /* SaveListTableViewController.swift */,
				33E5C46C247A21360028D0FB /* SaveListTableViewCell.swift */,
				337929332485222E00BED893 /* completedTasks.swift */,
				33889227248B9F4000CCB76A /* ColorCollectionViewCell.swift */,
				338EAC71248CDCEB00541D63 /* ColorCollectionViewController.swift */,
				338EAC73248CE54F00541D63 /* SelectViewController.swift */,
				33053569249A2FF000468A44 /* MainCollectionViewController.swift */,
				3305356B249A306C00468A44 /* MainCollectionViewCell.swift */,
			);
			path = "To Do list";
			sourceTree = "<group>";
		};
		33670D132478A5B0005A5936 /* To Do listTests */ = {
			isa = PBXGroup;
			children = (
				33670D142478A5B0005A5936 /* To_Do_listTests.swift */,
				33670D162478A5B0005A5936 /* Info.plist */,
			);
			path = "To Do listTests";
			sourceTree = "<group>";
		};
		33670D1E2478A5B0005A5936 /* To Do listUITests */ = {
			isa = PBXGroup;
			children = (
				33670D1F2478A5B0005A5936 /* To_Do_listUITests.swift */,
				33670D212478A5B0005A5936 /* Info.plist */,
			);
			path = "To Do listUITests";
			sourceTree = "<group>";
		};
/* End PBXGroup section */

/* Begin PBXNativeTarget section */
		33670CF92478A5A9005A5936 /* To Do list */ = {
			isa = PBXNativeTarget;
			buildConfigurationList = 33670D242478A5B0005A5936 /* Build configuration list for PBXNativeTarget "To Do list" */;
			buildPhases = (
				33670CF62478A5A9005A5936 /* Sources */,
				33670CF72478A5A9005A5936 /* Frameworks */,
				33670CF82478A5A9005A5936 /* Resources */,
			);
			buildRules = (
			);
			dependencies = (
			);
			name = "To Do list";
			packageProductDependencies = (
				3379292F2485173700BED893 /* Realm */,
				337929312485173700BED893 /* RealmSwift */,
			);
			productName = "To Do list";
			productReference = 33670CFA2478A5A9005A5936 /* To Do list.app */;
			productType = "com.apple.product-type.application";
		};
		33670D0F2478A5B0005A5936 /* To Do listTests */ = {
			isa = PBXNativeTarget;
			buildConfigurationList = 33670D272478A5B0005A5936 /* Build configuration list for PBXNativeTarget "To Do listTests" */;
			buildPhases = (
				33670D0C2478A5B0005A5936 /* Sources */,
				33670D0D2478A5B0005A5936 /* Frameworks */,
				33670D0E2478A5B0005A5936 /* Resources */,
			);
			buildRules = (
			);
			dependencies = (
				33670D122478A5B0005A5936 /* PBXTargetDependency */,
			);
			name = "To Do listTests";
			productName = "To Do listTests";
			productReference = 33670D102478A5B0005A5936 /* To Do listTests.xctest */;
			productType = "com.apple.product-type.bundle.unit-test";
		};
		33670D1A2478A5B0005A5936 /* To Do listUITests */ = {
			isa = PBXNativeTarget;
			buildConfigurationList = 33670D2A2478A5B0005A5936 /* Build configuration list for PBXNativeTarget "To Do listUITests" */;
			buildPhases = (
				33670D172478A5B0005A5936 /* Sources */,
				33670D182478A5B0005A5936 /* Frameworks */,
				33670D192478A5B0005A5936 /* Resources */,
			);
			buildRules = (
			);
			dependencies = (
				33670D1D2478A5B0005A5936 /* PBXTargetDependency */,
			);
			name = "To Do listUITests";
			productName = "To Do listUITests";
			productReference = 33670D1B2478A5B0005A5936 /* To Do listUITests.xctest */;
			productType = "com.apple.product-type.bundle.ui-testing";
		};
/* End PBXNativeTarget section */

/* Begin PBXProject section */
		33670CF22478A5A9005A5936 /* Project object */ = {
			isa = PBXProject;
			attributes = {
				LastSwiftUpdateCheck = 1140;
				LastUpgradeCheck = 1140;
				ORGANIZATIONNAME = "Nishiwaki sen";
				TargetAttributes = {
					33670CF92478A5A9005A5936 = {
						CreatedOnToolsVersion = 11.4.1;
					};
					33670D0F2478A5B0005A5936 = {
						CreatedOnToolsVersion = 11.4.1;
						TestTargetID = 33670CF92478A5A9005A5936;
					};
					33670D1A2478A5B0005A5936 = {
						CreatedOnToolsVersion = 11.4.1;
						TestTargetID = 33670CF92478A5A9005A5936;
					};
				};
			};
			buildConfigurationList = 33670CF52478A5A9005A5936 /* Build configuration list for PBXProject "To Do list" */;
			compatibilityVersion = "Xcode 9.3";
			developmentRegion = en;
			hasScannedForEncodings = 0;
			knownRegions = (
				en,
				Base,
			);
			mainGroup = 33670CF12478A5A9005A5936;
			packageReferences = (
				3379292E2485173700BED893 /* XCRemoteSwiftPackageReference "realm-cocoa" */,
			);
			productRefGroup = 33670CFB2478A5A9005A5936 /* Products */;
			projectDirPath = "";
			projectRoot = "";
			targets = (
				33670CF92478A5A9005A5936 /* To Do list */,
				33670D0F2478A5B0005A5936 /* To Do listTests */,
				33670D1A2478A5B0005A5936 /* To Do listUITests */,
			);
		};
/* End PBXProject section */

/* Begin PBXResourcesBuildPhase section */
		33670CF82478A5A9005A5936 /* Resources */ = {
			isa = PBXResourcesBuildPhase;
			buildActionMask = 2147483647;
			files = (
				33670D0A2478A5AF005A5936 /* LaunchScreen.storyboard in Resources */,
				33670D072478A5AF005A5936 /* Assets.xcassets in Resources */,
				33670D052478A5AA005A5936 /* Main.storyboard in Resources */,
			);
			runOnlyForDeploymentPostprocessing = 0;
		};
		33670D0E2478A5B0005A5936 /* Resources */ = {
			isa = PBXResourcesBuildPhase;
			buildActionMask = 2147483647;
			files = (
			);
			runOnlyForDeploymentPostprocessing = 0;
		};
		33670D192478A5B0005A5936 /* Resources */ = {
			isa = PBXResourcesBuildPhase;
			buildActionMask = 2147483647;
			files = (
			);
			runOnlyForDeploymentPostprocessing = 0;
		};
/* End PBXResourcesBuildPhase section */

/* Begin PBXSourcesBuildPhase section */
		33670CF62478A5A9005A5936 /* Sources */ = {
			isa = PBXSourcesBuildPhase;
			buildActionMask = 2147483647;
			files = (
				3305356A249A2FF000468A44 /* MainCollectionViewController.swift in Sources */,
				338EAC74248CE54F00541D63 /* SelectViewController.swift in Sources */,
				33E5C46D247A21360028D0FB /* SaveListTableViewCell.swift in Sources */,
				33670D022478A5A9005A5936 /* ViewController.swift in Sources */,
				33670CFE2478A5A9005A5936 /* AppDelegate.swift in Sources */,
				33E5C46B247A20970028D0FB /* SaveListTableViewController.swift in Sources */,
				33670D6A2478E184005A5936 /* AddViewController.swift in Sources */,
				3305356C249A306C00468A44 /* MainCollectionViewCell.swift in Sources */,
				337929342485222E00BED893 /* completedTasks.swift in Sources */,
				33889228248B9F4100CCB76A /* ColorCollectionViewCell.swift in Sources */,
				338EAC72248CDCEB00541D63 /* ColorCollectionViewController.swift in Sources */,
				33670D002478A5A9005A5936 /* SceneDelegate.swift in Sources */,
			);
			runOnlyForDeploymentPostprocessing = 0;
		};
		33670D0C2478A5B0005A5936 /* Sources */ = {
			isa = PBXSourcesBuildPhase;
			buildActionMask = 2147483647;
			files = (
				33670D152478A5B0005A5936 /* To_Do_listTests.swift in Sources */,
			);
			runOnlyForDeploymentPostprocessing = 0;
		};
		33670D172478A5B0005A5936 /* Sources */ = {
			isa = PBXSourcesBuildPhase;
			buildActionMask = 2147483647;
			files = (
				33670D202478A5B0005A5936 /* To_Do_listUITests.swift in Sources */,
			);
			runOnlyForDeploymentPostprocessing = 0;
		};
/* End PBXSourcesBuildPhase section */

/* Begin PBXTargetDependency section */
		33670D122478A5B0005A5936 /* PBXTargetDependency */ = {
			isa = PBXTargetDependency;
			target = 33670CF92478A5A9005A5936 /* To Do list */;
			targetProxy = 33670D112478A5B0005A5936 /* PBXContainerItemProxy */;
		};
		33670D1D2478A5B0005A5936 /* PBXTargetDependency */ = {
			isa = PBXTargetDependency;
			target = 33670CF92478A5A9005A5936 /* To Do list */;
			targetProxy = 33670D1C2478A5B0005A5936 /* PBXContainerItemProxy */;
		};
/* End PBXTargetDependency section */

/* Begin PBXVariantGroup section */
		33670D032478A5AA005A5936 /* Main.storyboard */ = {
			isa = PBXVariantGroup;
			children = (
				33670D042478A5AA005A5936 /* Base */,
			);
			name = Main.storyboard;
			sourceTree = "<group>";
		};
		33670D082478A5AF005A5936 /* LaunchScreen.storyboard */ = {
			isa = PBXVariantGroup;
			children = (
				33670D092478A5AF005A5936 /* Base */,
			);
			name = LaunchScreen.storyboard;
			sourceTree = "<group>";
		};
/* End PBXVariantGroup section */

/* Begin XCBuildConfiguration section */
		33670D222478A5B0005A5936 /* Debug */ = {
			isa = XCBuildConfiguration;
			buildSettings = {
				ALWAYS_SEARCH_USER_PATHS = NO;
				CLANG_ANALYZER_NONNULL = YES;
				CLANG_ANALYZER_NUMBER_OBJECT_CONVERSION = YES_AGGRESSIVE;
				CLANG_CXX_LANGUAGE_STANDARD = "gnu++14";
				CLANG_CXX_LIBRARY = "libc++";
				CLANG_ENABLE_MODULES = YES;
				CLANG_ENABLE_OBJC_ARC = YES;
				CLANG_ENABLE_OBJC_WEAK = YES;
				CLANG_WARN_BLOCK_CAPTURE_AUTORELEASING = YES;
				CLANG_WARN_BOOL_CONVERSION = YES;
				CLANG_WARN_COMMA = YES;
				CLANG_WARN_CONSTANT_CONVERSION = YES;
				CLANG_WARN_DEPRECATED_OBJC_IMPLEMENTATIONS = YES;
				CLANG_WARN_DIRECT_OBJC_ISA_USAGE = YES_ERROR;
				CLANG_WARN_DOCUMENTATION_COMMENTS = YES;
				CLANG_WARN_EMPTY_BODY = YES;
				CLANG_WARN_ENUM_CONVERSION = YES;
				CLANG_WARN_INFINITE_RECURSION = YES;
				CLANG_WARN_INT_CONVERSION = YES;
				CLANG_WARN_NON_LITERAL_NULL_CONVERSION = YES;
				CLANG_WARN_OBJC_IMPLICIT_RETAIN_SELF = YES;
				CLANG_WARN_OBJC_LITERAL_CONVERSION = YES;
				CLANG_WARN_OBJC_ROOT_CLASS = YES_ERROR;
				CLANG_WARN_RANGE_LOOP_ANALYSIS = YES;
				CLANG_WARN_STRICT_PROTOTYPES = YES;
				CLANG_WARN_SUSPICIOUS_MOVE = YES;
				CLANG_WARN_UNGUARDED_AVAILABILITY = YES_AGGRESSIVE;
				CLANG_WARN_UNREACHABLE_CODE = YES;
				CLANG_WARN__DUPLICATE_METHOD_MATCH = YES;
				COPY_PHASE_STRIP = NO;
				DEBUG_INFORMATION_FORMAT = dwarf;
				ENABLE_STRICT_OBJC_MSGSEND = YES;
				ENABLE_TESTABILITY = YES;
				GCC_C_LANGUAGE_STANDARD = gnu11;
				GCC_DYNAMIC_NO_PIC = NO;
				GCC_NO_COMMON_BLOCKS = YES;
				GCC_OPTIMIZATION_LEVEL = 0;
				GCC_PREPROCESSOR_DEFINITIONS = (
					"DEBUG=1",
					"$(inherited)",
				);
				GCC_WARN_64_TO_32_BIT_CONVERSION = YES;
				GCC_WARN_ABOUT_RETURN_TYPE = YES_ERROR;
				GCC_WARN_UNDECLARED_SELECTOR = YES;
				GCC_WARN_UNINITIALIZED_AUTOS = YES_AGGRESSIVE;
				GCC_WARN_UNUSED_FUNCTION = YES;
				GCC_WARN_UNUSED_VARIABLE = YES;
				IPHONEOS_DEPLOYMENT_TARGET = 13.4;
				MTL_ENABLE_DEBUG_INFO = INCLUDE_SOURCE;
				MTL_FAST_MATH = YES;
				ONLY_ACTIVE_ARCH = YES;
				SDKROOT = iphoneos;
				SWIFT_ACTIVE_COMPILATION_CONDITIONS = DEBUG;
				SWIFT_OPTIMIZATION_LEVEL = "-Onone";
			};
			name = Debug;
		};
		33670D232478A5B0005A5936 /* Release */ = {
			isa = XCBuildConfiguration;
			buildSettings = {
				ALWAYS_SEARCH_USER_PATHS = NO;
				CLANG_ANALYZER_NONNULL = YES;
				CLANG_ANALYZER_NUMBER_OBJECT_CONVERSION = YES_AGGRESSIVE;
				CLANG_CXX_LANGUAGE_STANDARD = "gnu++14";
				CLANG_CXX_LIBRARY = "libc++";
				CLANG_ENABLE_MODULES = YES;
				CLANG_ENABLE_OBJC_ARC = YES;
				CLANG_ENABLE_OBJC_WEAK = YES;
				CLANG_WARN_BLOCK_CAPTURE_AUTORELEASING = YES;
				CLANG_WARN_BOOL_CONVERSION = YES;
				CLANG_WARN_COMMA = YES;
				CLANG_WARN_CONSTANT_CONVERSION = YES;
				CLANG_WARN_DEPRECATED_OBJC_IMPLEMENTATIONS = YES;
				CLANG_WARN_DIRECT_OBJC_ISA_USAGE = YES_ERROR;
				CLANG_WARN_DOCUMENTATION_COMMENTS = YES;
				CLANG_WARN_EMPTY_BODY = YES;
				CLANG_WARN_ENUM_CONVERSION = YES;
				CLANG_WARN_INFINITE_RECURSION = YES;
				CLANG_WARN_INT_CONVERSION = YES;
				CLANG_WARN_NON_LITERAL_NULL_CONVERSION = YES;
				CLANG_WARN_OBJC_IMPLICIT_RETAIN_SELF = YES;
				CLANG_WARN_OBJC_LITERAL_CONVERSION = YES;
				CLANG_WARN_OBJC_ROOT_CLASS = YES_ERROR;
				CLANG_WARN_RANGE_LOOP_ANALYSIS = YES;
				CLANG_WARN_STRICT_PROTOTYPES = YES;
				CLANG_WARN_SUSPICIOUS_MOVE = YES;
				CLANG_WARN_UNGUARDED_AVAILABILITY = YES_AGGRESSIVE;
				CLANG_WARN_UNREACHABLE_CODE = YES;
				CLANG_WARN__DUPLICATE_METHOD_MATCH = YES;
				COPY_PHASE_STRIP = NO;
				DEBUG_INFORMATION_FORMAT = "dwarf-with-dsym";
				ENABLE_NS_ASSERTIONS = NO;
				ENABLE_STRICT_OBJC_MSGSEND = YES;
				GCC_C_LANGUAGE_STANDARD = gnu11;
				GCC_NO_COMMON_BLOCKS = YES;
				GCC_WARN_64_TO_32_BIT_CONVERSION = YES;
				GCC_WARN_ABOUT_RETURN_TYPE = YES_ERROR;
				GCC_WARN_UNDECLARED_SELECTOR = YES;
				GCC_WARN_UNINITIALIZED_AUTOS = YES_AGGRESSIVE;
				GCC_WARN_UNUSED_FUNCTION = YES;
				GCC_WARN_UNUSED_VARIABLE = YES;
				IPHONEOS_DEPLOYMENT_TARGET = 13.4;
				MTL_ENABLE_DEBUG_INFO = NO;
				MTL_FAST_MATH = YES;
				SDKROOT = iphoneos;
				SWIFT_COMPILATION_MODE = wholemodule;
				SWIFT_OPTIMIZATION_LEVEL = "-O";
				VALIDATE_PRODUCT = YES;
			};
			name = Release;
		};
		33670D252478A5B0005A5936 /* Debug */ = {
			isa = XCBuildConfiguration;
			buildSettings = {
				ASSETCATALOG_COMPILER_APPICON_NAME = AppIcon;
				CODE_SIGN_STYLE = Manual;
				DEVELOPMENT_TEAM = "";
				INFOPLIST_FILE = "To Do list/Info.plist";
				LD_RUNPATH_SEARCH_PATHS = (
					"$(inherited)",
					"@executable_path/Frameworks",
				);
				PRODUCT_BUNDLE_IDENTIFIER = ToDoList;
				PRODUCT_NAME = "$(TARGET_NAME)";
				PROVISIONING_PROFILE_SPECIFIER = "";
				SWIFT_VERSION = 5.0;
				TARGETED_DEVICE_FAMILY = "1,2";
			};
			name = Debug;
		};
		33670D262478A5B0005A5936 /* Release */ = {
			isa = XCBuildConfiguration;
			buildSettings = {
				ASSETCATALOG_COMPILER_APPICON_NAME = AppIcon;
				CODE_SIGN_STYLE = Manual;
				DEVELOPMENT_TEAM = "";
				INFOPLIST_FILE = "To Do list/Info.plist";
				LD_RUNPATH_SEARCH_PATHS = (
					"$(inherited)",
					"@executable_path/Frameworks",
				);
				PRODUCT_BUNDLE_IDENTIFIER = ToDoList;
				PRODUCT_NAME = "$(TARGET_NAME)";
				PROVISIONING_PROFILE_SPECIFIER = "";
				SWIFT_VERSION = 5.0;
				TARGETED_DEVICE_FAMILY = "1,2";
			};
			name = Release;
		};
		33670D282478A5B0005A5936 /* Debug */ = {
			isa = XCBuildConfiguration;
			buildSettings = {
				ALWAYS_EMBED_SWIFT_STANDARD_LIBRARIES = YES;
				BUNDLE_LOADER = "$(TEST_HOST)";
				CODE_SIGN_STYLE = Automatic;
				INFOPLIST_FILE = "To Do listTests/Info.plist";
				IPHONEOS_DEPLOYMENT_TARGET = 13.4;
				LD_RUNPATH_SEARCH_PATHS = (
					"$(inherited)",
					"@executable_path/Frameworks",
					"@loader_path/Frameworks",
				);
				PRODUCT_BUNDLE_IDENTIFIER = "Nishiwaki-sen.To-Do-listTests";
				PRODUCT_NAME = "$(TARGET_NAME)";
				SWIFT_VERSION = 5.0;
				TARGETED_DEVICE_FAMILY = "1,2";
				TEST_HOST = "$(BUILT_PRODUCTS_DIR)/To Do list.app/To Do list";
			};
			name = Debug;
		};
		33670D292478A5B0005A5936 /* Release */ = {
			isa = XCBuildConfiguration;
			buildSettings = {
				ALWAYS_EMBED_SWIFT_STANDARD_LIBRARIES = YES;
				BUNDLE_LOADER = "$(TEST_HOST)";
				CODE_SIGN_STYLE = Automatic;
				INFOPLIST_FILE = "To Do listTests/Info.plist";
				IPHONEOS_DEPLOYMENT_TARGET = 13.4;
				LD_RUNPATH_SEARCH_PATHS = (
					"$(inherited)",
					"@executable_path/Frameworks",
					"@loader_path/Frameworks",
				);
				PRODUCT_BUNDLE_IDENTIFIER = "Nishiwaki-sen.To-Do-listTests";
				PRODUCT_NAME = "$(TARGET_NAME)";
				SWIFT_VERSION = 5.0;
				TARGETED_DEVICE_FAMILY = "1,2";
				TEST_HOST = "$(BUILT_PRODUCTS_DIR)/To Do list.app/To Do list";
			};
			name = Release;
		};
		33670D2B2478A5B0005A5936 /* Debug */ = {
			isa = XCBuildConfiguration;
			buildSettings = {
				ALWAYS_EMBED_SWIFT_STANDARD_LIBRARIES = YES;
				CODE_SIGN_STYLE = Automatic;
				INFOPLIST_FILE = "To Do listUITests/Info.plist";
				LD_RUNPATH_SEARCH_PATHS = (
					"$(inherited)",
					"@executable_path/Frameworks",
					"@loader_path/Frameworks",
				);
				PRODUCT_BUNDLE_IDENTIFIER = "Nishiwaki-sen.To-Do-listUITests";
				PRODUCT_NAME = "$(TARGET_NAME)";
				SWIFT_VERSION = 5.0;
				TARGETED_DEVICE_FAMILY = "1,2";
				TEST_TARGET_NAME = "To Do list";
			};
			name = Debug;
		};
		33670D2C2478A5B0005A5936 /* Release */ = {
			isa = XCBuildConfiguration;
			buildSettings = {
				ALWAYS_EMBED_SWIFT_STANDARD_LIBRARIES = YES;
				CODE_SIGN_STYLE = Automatic;
				INFOPLIST_FILE = "To Do listUITests/Info.plist";
				LD_RUNPATH_SEARCH_PATHS = (
					"$(inherited)",
					"@executable_path/Frameworks",
					"@loader_path/Frameworks",
				);
				PRODUCT_BUNDLE_IDENTIFIER = "Nishiwaki-sen.To-Do-listUITests";
				PRODUCT_NAME = "$(TARGET_NAME)";
				SWIFT_VERSION = 5.0;
				TARGETED_DEVICE_FAMILY = "1,2";
				TEST_TARGET_NAME = "To Do list";
			};
			name = Release;
		};
/* End XCBuildConfiguration section */

/* Begin XCConfigurationList section */
		33670CF52478A5A9005A5936 /* Build configuration list for PBXProject "To Do list" */ = {
			isa = XCConfigurationList;
			buildConfigurations = (
				33670D222478A5B0005A5936 /* Debug */,
				33670D232478A5B0005A5936 /* Release */,
			);
			defaultConfigurationIsVisible = 0;
			defaultConfigurationName = Release;
		};
		33670D242478A5B0005A5936 /* Build configuration list for PBXNativeTarget "To Do list" */ = {
			isa = XCConfigurationList;
			buildConfigurations = (
				33670D252478A5B0005A5936 /* Debug */,
				33670D262478A5B0005A5936 /* Release */,
			);
			defaultConfigurationIsVisible = 0;
			defaultConfigurationName = Release;
		};
		33670D272478A5B0005A5936 /* Build configuration list for PBXNativeTarget "To Do listTests" */ = {
			isa = XCConfigurationList;
			buildConfigurations = (
				33670D282478A5B0005A5936 /* Debug */,
				33670D292478A5B0005A5936 /* Release */,
			);
			defaultConfigurationIsVisible = 0;
			defaultConfigurationName = Release;
		};
		33670D2A2478A5B0005A5936 /* Build configuration list for PBXNativeTarget "To Do listUITests" */ = {
			isa = XCConfigurationList;
			buildConfigurations = (
				33670D2B2478A5B0005A5936 /* Debug */,
				33670D2C2478A5B0005A5936 /* Release */,
			);
			defaultConfigurationIsVisible = 0;
			defaultConfigurationName = Release;
		};
/* End XCConfigurationList section */

/* Begin XCRemoteSwiftPackageReference section */
		3379292E2485173700BED893 /* XCRemoteSwiftPackageReference "realm-cocoa" */ = {
			isa = XCRemoteSwiftPackageReference;
			repositoryURL = "https://github.com/realm/realm-cocoa";
			requirement = {
				kind = upToNextMajorVersion;
				minimumVersion = 5.0.1;
			};
		};
/* End XCRemoteSwiftPackageReference section */

/* Begin XCSwiftPackageProductDependency section */
		3379292F2485173700BED893 /* Realm */ = {
			isa = XCSwiftPackageProductDependency;
			package = 3379292E2485173700BED893 /* XCRemoteSwiftPackageReference "realm-cocoa" */;
			productName = Realm;
		};
		337929312485173700BED893 /* RealmSwift */ = {
			isa = XCSwiftPackageProductDependency;
			package = 3379292E2485173700BED893 /* XCRemoteSwiftPackageReference "realm-cocoa" */;
			productName = RealmSwift;
		};
/* End XCSwiftPackageProductDependency section */
	};
	rootObject = 33670CF22478A5A9005A5936 /* Project object */;
}
